
Microsoft Visual Studio Solution File, Format Version 12.00
# Visual Studio Version 17
VisualStudioVersion = 17.14.36518.9 d17.14
MinimumVisualStudioVersion = 10.0.40219.1
Project("{8BC9CEB8-8B4A-11D0-8D11-00A0C91BC942}") = "FunctionVsProcedure", "FunctionVsProcedure\FunctionVsProcedure.vcxproj", "{07D5440E-E964-4C6E-8104-F3847C755E20}"
EndProject
Global
	GlobalSection(SolutionConfigurationPlatforms) = preSolution
		Debug|x64 = Debug|x64
		Debug|x86 = Debug|x86
		Release|x64 = Release|x64
		Release|x86 = Release|x86
	EndGlobalSection
	GlobalSection(ProjectConfigurationPlatforms) = postSolution
		{07D5440E-E964-4C6E-8104-F3847C755E20}.Debug|x64.ActiveCfg = Debug|x64
		{07D5440E-E964-4C6E-8104-F3847C755E20}.Debug|x64.Build.0 = Debug|x64
		{07D5440E-E964-4C6E-8104-F3847C755E20}.Debug|x86.ActiveCfg = Debug|Win32
		{07D5440E-E964-4C6E-8104-F3847C755E20}.Debug|x86.Build.0 = Debug|Win32
		{07D5440E-E964-4C6E-8104-F3847C755E20}.Release|x64.ActiveCfg = Release|x64
		{07D5440E-E964-4C6E-8104-F3847C755E20}.Release|x64.Build.0 = Release|x64
		{07D5440E-E964-4C6E-8104-F3847C755E20}.Release|x86.ActiveCfg = Release|Win32
		{07D5440E-E964-4C6E-8104-F3847C755E20}.Release|x86.Build.0 = Release|Win32
	EndGlobalSection
	GlobalSection(SolutionProperties) = preSolution
		HideSolutionNode = FALSE
	EndGlobalSection
	GlobalSection(ExtensibilityGlobals) = postSolution
		SolutionGuid = {46E45A77-F383-489C-88EA-BDD0870819F1}
	EndGlobalSection
EndGlobal
